
Microsoft Visual Studio Solution File, Format Version 12.00
# Visual Studio 14
VisualStudioVersion = 14.0.23107.0
MinimumVisualStudioVersion = 10.0.40219.1
Project("{FAE04EC0-301F-11D3-BF4B-00C04F79EFBC}") = "OrderBotTags", "OrderBotTags\OrderBotTags.csproj", "{ACC43719-0C5A-411C-B95A-C8C84CFDA457}"
EndProject
Project("{FAE04EC0-301F-11D3-BF4B-00C04F79EFBC}") = "Skywatcher", "Skywatcher\Skywatcher.csproj", "{F5F305C3-7C56-441E-8D33-C19BEC93ED24}"
EndProject
Global
	GlobalSection(SolutionConfigurationPlatforms) = preSolution
		Debug|Any CPU = Debug|Any CPU
		Release|Any CPU = Release|Any CPU
	EndGlobalSection
	GlobalSection(ProjectConfigurationPlatforms) = postSolution
		{ACC43719-0C5A-411C-B95A-C8C84CFDA457}.Debug|Any CPU.ActiveCfg = Debug|Any CPU
		{ACC43719-0C5A-411C-B95A-C8C84CFDA457}.Debug|Any CPU.Build.0 = Debug|Any CPU
		{ACC43719-0C5A-411C-B95A-C8C84CFDA457}.Release|Any CPU.ActiveCfg = Release|Any CPU
		{ACC43719-0C5A-411C-B95A-C8C84CFDA457}.Release|Any CPU.Build.0 = Release|Any CPU
		{F5F305C3-7C56-441E-8D33-C19BEC93ED24}.Debug|Any CPU.ActiveCfg = Debug|Any CPU
		{F5F305C3-7C56-441E-8D33-C19BEC93ED24}.Debug|Any CPU.Build.0 = Debug|Any CPU
		{F5F305C3-7C56-441E-8D33-C19BEC93ED24}.Release|Any CPU.ActiveCfg = Release|Any CPU
		{F5F305C3-7C56-441E-8D33-C19BEC93ED24}.Release|Any CPU.Build.0 = Release|Any CPU
	EndGlobalSection
	GlobalSection(SolutionProperties) = preSolution
		HideSolutionNode = FALSE
	EndGlobalSection
EndGlobal
